
Microsoft Visual Studio Solution File, Format Version 12.00
# Visual Studio Version 16
VisualStudioVersion = 16.0.31624.102
MinimumVisualStudioVersion = 10.0.40219.1
Project("{9A19103F-16F7-4668-BE54-9A1E7A4F7556}") = "dotnet-rpg", "dotnet-rpg.csproj", "{9E24C5D6-BFEE-43C1-9BDA-CC867FD2F670}"
EndProject
Global
	GlobalSection(SolutionConfigurationPlatforms) = preSolution
		Debug|Any CPU = Debug|Any CPU
		Release|Any CPU = Release|Any CPU
	EndGlobalSection
	GlobalSection(ProjectConfigurationPlatforms) = postSolution
		{9E24C5D6-BFEE-43C1-9BDA-CC867FD2F670}.Debug|Any CPU.ActiveCfg = Debug|Any CPU
		{9E24C5D6-BFEE-43C1-9BDA-CC867FD2F670}.Debug|Any CPU.Build.0 = Debug|Any CPU
		{9E24C5D6-BFEE-43C1-9BDA-CC867FD2F670}.Release|Any CPU.ActiveCfg = Release|Any CPU
		{9E24C5D6-BFEE-43C1-9BDA-CC867FD2F670}.Release|Any CPU.Build.0 = Release|Any CPU
	EndGlobalSection
	GlobalSection(SolutionProperties) = preSolution
		HideSolutionNode = FALSE
	EndGlobalSection
	GlobalSection(ExtensibilityGlobals) = postSolution
		SolutionGuid = {CD2834AB-A0E9-49CC-937C-B86BC7A941D1}
	EndGlobalSection
EndGlobal
